{
  "version": 3,
  "mopsTomlDepsHash": "bc643f57c403b4b8a743fe1d7ee1ad0d77ed3333368657502c7dd3a67d1c31c2",
  "localDepsHash": "34dfb31d0efd555e6ba6dcd4ddffe29bddddeea493488f66682fa3c0a04e90c9",
  "deps": {
    "caffeine-integrations-mail-client": "0.6.0",
    "caffeineai-email": "../../email/backend",
    "core": "2.6.0",
    "ic": "4.2.0",
    "serde-core": "0.2.1",
    "sha2": "0.2.5",
    "test": "2.1.2"
  },
  "graph": {
    "caffeine-integrations-mail-client@0.6.0": {
      "core": "2.6.0",
      "ic": "4.2.0",
      "serde-core": "0.2.1"
    },
    "core@2.0.0": {},
    "core@2.4.0": {},
    "core@2.5.0": {},
    "core@2.6.0": {},
    "ic@4.2.0": {
      "core": "2.5.0"
    },
    "serde-core@0.2.1": {
      "core": "2.4.0",
      "sha2": "0.2.5"
    },
    "sha2@0.2.5": {
      "core": "2.5.0"
    },
    "test@2.1.2": {
      "core": "2.0.0"
    }
  },
  "hashes": {
    "caffeine-integrations-mail-client@0.6.0": {
      "caffeine-integrations-mail-client@0.6.0/README.md": "6e86d2a4ecdd26f820431d51fbeea51fe835aae5f888af86b4f990d7029328b5",
      "caffeine-integrations-mail-client@0.6.0/mops.toml": "a308658850f564e76f36788e6f93a71cb083ceceb4d3d90bc4ea5efedd06765f",
      "caffeine-integrations-mail-client@0.6.0/src/Apis/MailV2Api.mo": "e38fe974b0047f1f9700e0938bf6fdc837287449870c14c4929c018bb983450d",
      "caffeine-integrations-mail-client@0.6.0/src/Config.mo": "f52600e776f5b14d7e31cdafe7063f5213d6f0baab73077549a08e2adc5cef95",
      "caffeine-integrations-mail-client@0.6.0/src/Models/MailV2Attachment.mo": "036d5ed39575814cf7783f246e4457af0115a17e2e382cb82173537ec784ff77",
      "caffeine-integrations-mail-client@0.6.0/src/Models/MailV2BroadcastBody.mo": "2102d0823f473f659410423ea6573c9399e71b0273843f13bc07c431eec94ab6",
      "caffeine-integrations-mail-client@0.6.0/src/Models/MailV2BroadcastHeader.mo": "e35d6ec52228bad04018ed60c63b2f521be9c0ff100bf8b2d728dc7b56452890",
      "caffeine-integrations-mail-client@0.6.0/src/Models/MailV2BroadcastRecipient.mo": "7959484b33a63480f9c0c8d03c8ca49edaada4bca89ee5ab133e650af914e1b3",
      "caffeine-integrations-mail-client@0.6.0/src/Models/MailV2BroadcastResponse.mo": "395713f79ce20ab2817631320fc0c5efe37d49cea689c0b7ffcc7e0db0b8b1ac",
      "caffeine-integrations-mail-client@0.6.0/src/Models/MailV2CalendarAttendee.mo": "99b49cc768c1613d3d4648e9c0f8480001390425e6821a3e5a034b90afdf23f8",
      "caffeine-integrations-mail-client@0.6.0/src/Models/MailV2CalendarEvent.mo": "a1f23e0302d8e735429d78c66f450ce8c5d65ef0d93267b00a994ed76ac46fc8",
      "caffeine-integrations-mail-client@0.6.0/src/Models/MailV2CalendarEventBody.mo": "7c7e8569b983916e28a959ad6cf5bc90530aaf5bf8b96ac3e4c5faa3276e3921",
      "caffeine-integrations-mail-client@0.6.0/src/Models/MailV2Error.mo": "558388ea75ca94b2ff4373bbde6f6510145e1764701c37619589535d0d4b72fa",
      "caffeine-integrations-mail-client@0.6.0/src/Models/MailV2ErrorDetail.mo": "6be150463c74d1945e7e9294ae14e643d0c78bb340fc35b202af5a4c3a82b5b5",
      "caffeine-integrations-mail-client@0.6.0/src/Models/MailV2Organizer.mo": "150e2f1b6cf534c8d12e052713c60db8c3c4fde4cfe36fbc7e9d348d550549c4",
      "caffeine-integrations-mail-client@0.6.0/src/Models/MailV2SendBody.mo": "e1e7c89f1e30e76f7f81cf5f7cb14aee203648f47a59e379aef055009901467e",
      "caffeine-integrations-mail-client@0.6.0/src/Models/MailV2SendResponse.mo": "3ed00257a8bd5140e9816636520f6aede44f5be2f9626dd2792007d737ed8760",
      "caffeine-integrations-mail-client@0.6.0/src/Values/MailV2AttachmentEncoding.mo": "568ff5c04f135add435f2818c636b7c5321af551c59be45f8c791a872f1da9f9",
      "caffeine-integrations-mail-client@0.6.0/src/Values/MailV2BroadcastHeaderName.mo": "2bada4fdf6af0e03335d3f35f93a1cefbaeecbfc583e979a346983aad40b0153",
      "caffeine-integrations-mail-client@0.6.0/src/Values/MailV2BroadcastSubType.mo": "55d33bafc5c579efecebe340c6c67cafddb3c3e88149210f7170918151507f79",
      "caffeine-integrations-mail-client@0.6.0/src/Values/MailV2CalendarEventMethod.mo": "d8dc2394316734a886cad8d1cbc36a0422261b3834547e2f13919e54b97d6b70",
      "caffeine-integrations-mail-client@0.6.0/src/Values/MailV2CalendarEventRole.mo": "bb6370dd57c0b2e1f1abb3780425055bf25c75b1acb90ba40178668e3c14a5ca",
      "caffeine-integrations-mail-client@0.6.0/src/Values/MailV2ErrorCode.mo": "b933f86ee85af35beaa18080df9306ed921aaef0f9c382bb1d611f490dc9706c",
      "caffeine-integrations-mail-client@0.6.0/src/Values/MailV2ErrorType.mo": "e73946f17bf279ca32b6914712d62c673cf9d9c5859315387bc05226ea266a3c",
      "caffeine-integrations-mail-client@0.6.0/src/Values/MailV2SendStatus.mo": "75cae4ffd309d46c238de833d8712e5202cf63c13dcadca5fde1e8ff983b336f"
    },
    "core@2.6.0": {
      "core@2.6.0/LICENSE": "840e3d57a38a8061f55d04470fbd58b9345326fa04ea10ee42add5c6e3b2aa08",
      "core@2.6.0/NOTICE": "d62ca4ef9e2c9df064115c339013593cf0769e2b9dc78fa4b3211222541c7f83",
      "core@2.6.0/README.md": "91b59e7efa6ae40144249013cd3f020073592bf0f5463649798bdc78618b7a1b",
      "core@2.6.0/mops.toml": "22a9653a08c7fbbd0853738eb75c82f673bd1525832af1b5c2da4ab6ac6d556a",
      "core@2.6.0/src/Array.mo": "59e4440bc7ed2988d9ff0be1ec091cd4c994ce9d713e282f88a57d295598338a",
      "core@2.6.0/src/Base64.mo": "0d70a221a21a1bfb7ad79da30271f6e1f892a4148f8c844975b108c2e052ea3f",
      "core@2.6.0/src/Blob.mo": "f5085a7be3a9ed3e9bf11cbf8001146c9586acc45a7ee13513c5e8f97cad561b",
      "core@2.6.0/src/Bool.mo": "3b606a6631f28c774e3055bc860201e56260fd32fdc5e8dc00d901506be95db5",
      "core@2.6.0/src/CallerAttributes.mo": "7ac5ea306f7e4393a7830a1dd522583d3388b8dd4667db132ee77ba9ae131f66",
      "core@2.6.0/src/CertifiedData.mo": "87fa7b145507d63aab702030bc797f9c5c45ec796b84bc573d70448ceabaec9a",
      "core@2.6.0/src/Char.mo": "954caba4a5e2e714912e9a6981f4fea08865780c98797b36333cff6b0c68f220",
      "core@2.6.0/src/Cycles.mo": "9f5c1fceea47f05c43f22a1c25e8753fb7e552e36106d27bceef24b1310f4cbc",
      "core@2.6.0/src/Debug.mo": "526c3f9d94e4a682917febb7b0021831a7cc345a2aa63e2499ddeda33cf63b3e",
      "core@2.6.0/src/Error.mo": "2112280ea5300ae94ff9188c3bbd75a7db87f0c6eb65c2ac5bf04bc27c851d98",
      "core@2.6.0/src/Float.mo": "5cedfd9b42f79d6a4c5d984dd895542b70b1b23afc704486595d6247d81e2438",
      "core@2.6.0/src/Float32.mo": "f18868603519d69289e049367f12fda160480dc44bc917b911b29a8cf84cef50",
      "core@2.6.0/src/Func.mo": "30b6c3d6c7938a4ab968c8916f9e66e6dd4d3f209b4f2f967f2d6a7b61e3380c",
      "core@2.6.0/src/Int.mo": "2233228b585ece0af237b3b8ce9f8c4cc65014bae733192a8cff69c37df35e2c",
      "core@2.6.0/src/Int16.mo": "a6b33d80f900e8f94bf317727fb6d4777191d0304430cd9e08af34ada00ca339",
      "core@2.6.0/src/Int32.mo": "06a69a5fdb5224b5f6184bd35c1d1bd756fc197527ca9262bd19ea3b304ebb7e",
      "core@2.6.0/src/Int64.mo": "e3c3a0355f3c0ea3c8c70d9bc6e300b19a318a71ae0e475cfe4012d0b41d0fce",
      "core@2.6.0/src/Int8.mo": "e29df82bf43aca0c657c8c1c6e77c72605cf64b774a42f267369f9001b1620b1",
      "core@2.6.0/src/InternetComputer.mo": "969951411beb5caf7d60ba6d5e906a5c70a3b466cee42e1135d1cd3d791cb3a1",
      "core@2.6.0/src/Iter.mo": "463f3b12d0d462ba55e84b77cffa8a1d76f04695144f966338aaccb4960dedc5",
      "core@2.6.0/src/List.mo": "88e8b0dea2a23e6103b12b59cc80911c2dd40ebb5d0ca772a3a0fb90a76a706c",
      "core@2.6.0/src/Map.mo": "125a036b4fffb32a99830df565ae4d095dc02d2c0e0f8a26205872a65bf628b8",
      "core@2.6.0/src/Nat.mo": "e28b0dcbc6cb5f532e386124a8384ab84d5f524134267615c336fb70f186d8cb",
      "core@2.6.0/src/Nat16.mo": "ff3682d1b233721065d9157e4587e8cbd100b882033621d01d1b47cb67ce68fa",
      "core@2.6.0/src/Nat32.mo": "6886e8148867a10fa58f94b31cd6de84322cc274cc06b758ddc1784445648259",
      "core@2.6.0/src/Nat64.mo": "fc295f4fb2542b8777e81e7b7fc6f1624a3ee67b52db5c756664fe59a93cfdb7",
      "core@2.6.0/src/Nat8.mo": "c08a40665121fd2b26764bc1cde3ac19ee075d4416a0091ddae446d539ee94a9",
      "core@2.6.0/src/Option.mo": "aeec94cd6954e7b8b5463a5b15abddfb56c5322cb9b9e7ac782092d5c33a8b38",
      "core@2.6.0/src/Order.mo": "6c21e905e1e8c2b40cd50438218230c207d0bbec0d2514779edd76f9f84a812c",
      "core@2.6.0/src/Principal.mo": "181f4c5f5b6cc8c65d202490a1c7d771f9a462ae1c9fb13cb8915e5feb9f5c71",
      "core@2.6.0/src/PriorityQueue.mo": "e8c02d636e669fbf4ce3dc3b3e1a8d3003ef6d15e989035423e84aa2571cc4b9",
      "core@2.6.0/src/Queue.mo": "52a4276d862e4c26c3f41c09ffe07803c3740118dea3a84c8f086827b65b5399",
      "core@2.6.0/src/Random.mo": "b60f8a72134bab5f527da3c929e63f4ade612ad0799fba576c218f73cbdfad88",
      "core@2.6.0/src/Region.mo": "23ab562d605c80fae3ca10f49df2fc1201d558eee01adf7ddd8d3ada60d7eca9",
      "core@2.6.0/src/Result.mo": "fbf78ffb539258703fa529ec622111cd5962e2aa4d76943bc99e079416b404c3",
      "core@2.6.0/src/Runtime.mo": "d221bd16b45cb717cb4ef4fd698fa8632a415aecbbb5a6fdc8b5cd4bc50a9e56",
      "core@2.6.0/src/Set.mo": "04cde46bb20c3b770a18a330c0449881e92d1948b17fd7d28ce95f9d5ba1d740",
      "core@2.6.0/src/Stack.mo": "8c1146ff41f7f7a4ed775367e22c1c4e711c0a3f0a4335ddc0858730c8214313",
      "core@2.6.0/src/Text.mo": "54ebeb2a1e507ab18e9c37214b2cd15e3255d04523c088deeaf1d24a757ffbd9",
      "core@2.6.0/src/Time.mo": "fcffd56cbeb21c3d8613973f3f1ea382babcf122ea93c9689149f0101c5f3e96",
      "core@2.6.0/src/Timer.mo": "477fe4f6a015a839000ce7a6a871877b3f32c6589850dab2b7e7e872d661b225",
      "core@2.6.0/src/Tuples.mo": "0156c1fc21fffedd71d173e0d1b1e7a9a19726cbc49ec1cf49029d6d93bc7955",
      "core@2.6.0/src/Types.mo": "00dc0132996b3bb3eaf5cc4413be78ca860137ef26f5b472b0e7b3ef68f6652f",
      "core@2.6.0/src/VarArray.mo": "2c35be7e04000139460258b08a1ded7047f46b6aef9f4af3c8c6075bd889ebbe",
      "core@2.6.0/src/WeakReference.mo": "06e58a6d67bf67c4b31ff871416d0cf6d6e34bfb409ce73d83372ef6b74de3cf",
      "core@2.6.0/src/internal/BTreeHelper.mo": "305e10c7e7c740976b60b4b8d63145131ec3d9ade066aac68a1f631981a308f4",
      "core@2.6.0/src/internal/PRNG.mo": "8a93e87baa2b12f613c82394a4a05b425e44a695bbace4ca36f9a1f78be26442",
      "core@2.6.0/src/internal/SortHelper.mo": "fff4f2eec5c59a3db13e46eeb69152bb1b98931f45cb58ac481439a0cd0d10bb",
      "core@2.6.0/src/pure/List.mo": "4c73dc64c6c6042a6f740ed8a699f0917d8e9ae2d5488867b403137c8d1d1a7f",
      "core@2.6.0/src/pure/Map.mo": "1d1c054ef2b86ffa66ada38053760bd2a9b936665e1448db3f4a3e4d48eca05e",
      "core@2.6.0/src/pure/Queue.mo": "2beb6586927cda381166adb7568a8b61cbe461e6dd9b2007d7e2c27448362bcc",
      "core@2.6.0/src/pure/RealTimeQueue.mo": "60e1f118e1fd728c64ac769396b2441a3e9be5208051139b3dd652125a81a0cb",
      "core@2.6.0/src/pure/Set.mo": "c8f6f193a4b42b2df65ce8c05d610ccbcdc8befddc72acd44445e7290224373e"
    },
    "ic@4.2.0": {
      "ic@4.2.0/LICENSE": "ec415b57f8143746b567c94bfad243f5342f3edf110c94641a1a60e02722db55",
      "ic@4.2.0/README.md": "4aacc06321244e54f741e9d826f3d374144a4b32372cb58dddaedcaad2e12bc3",
      "ic@4.2.0/mops.toml": "90a4087e4c1fb5ca9b976d824370bca632d860191eedd0461ac85bdbc4169f55",
      "ic@4.2.0/src/Call.mo": "b4a3572e5617d0b1eb696450344b65e99504f844794e7ddf1cff664fcfeb2994",
      "ic@4.2.0/src/Types.mo": "3d145437f9b8c6a661266ec659c9522c4b9001b50954945816e746f48028c9fc",
      "ic@4.2.0/src/lib.mo": "9d9ec84a85eb25d191c1cae99cb841d9b6e0cf0f9bc27c3f3805ac9673d7bef1"
    },
    "serde-core@0.2.1": {
      "serde-core@0.2.1/LICENSE": "722f3f4279baf4ab992c14fdbb619e088f85af40b24881a8851de77e4ab084f6",
      "serde-core@0.2.1/README.md": "068b12e9fce5e1c183ac73d7aaf9d3a0e966878d0143193ec05d8368ea31bc92",
      "serde-core@0.2.1/mops.toml": "9b210caa7a4e927164bade6caa099133e2d412b9fd30d2a750ab9f985c4d9b5d",
      "serde-core@0.2.1/src/CBOR/lib.mo": "5bf1c2850b2ebcc360512fea1c053c72b0c2bd1a2fd10a78a8456e383818adee",
      "serde-core@0.2.1/src/Candid/Blob/CandidUtils.mo": "37aa421252e8dd9ca596ac3d140046e3d50e7f351b4dc32c20b59afb5630d136",
      "serde-core@0.2.1/src/Candid/Blob/Decoder.mo": "3cb47cf4f45c67d9b89b218bc02185dbc210b08417b27d5add471be0ad18d5aa",
      "serde-core@0.2.1/src/Candid/Blob/Encoder.mo": "f9061b6581207567f99b8f84c4ebdf61d98847200f0310f6243063e232a0f7ad",
      "serde-core@0.2.1/src/Candid/Blob/RepIndyHash.mo": "9503fc76c393e2d11fb95c48337462702fca0b34aced3514d78a3856d4cb3604",
      "serde-core@0.2.1/src/Candid/Blob/TypedSerializer.mo": "1159dacd58e7292a3d45bc91150bbfedcf09b4717438bf594eb5865fd7ef8eb1",
      "serde-core@0.2.1/src/Candid/ICRC3Value.mo": "54ef4b0798840ab036d63bac1d34ffa00b5aa7fb6266e3eb78af0adb29ea6b20",
      "serde-core@0.2.1/src/Candid/Text/Parser/Array.mo": "fd3a5ac88e81e4fc7f7dbb175a4b83f632a4d6cbb0bfac799740334cc40d253f",
      "serde-core@0.2.1/src/Candid/Text/Parser/Blob.mo": "c2d574d6fcbea4fa8492a89865494fffdc496c73e8e31b2d254a57a48812237c",
      "serde-core@0.2.1/src/Candid/Text/Parser/Bool.mo": "a4a716b6188f8c55df80127798057cec05637fd2ac6ba09d36852b988d367d92",
      "serde-core@0.2.1/src/Candid/Text/Parser/Common.mo": "5387f7b34987f87e92ed037c88b8a0c2116ee6927b55dbbaaf39e04770f55897",
      "serde-core@0.2.1/src/Candid/Text/Parser/Float.mo": "2d1f32ba93bbd725a7edea76216580f65e5d6921083cd71c00ceacbd58c82623",
      "serde-core@0.2.1/src/Candid/Text/Parser/Int.mo": "bfeb3473c73d8c7f7e197d057fa2e741cd108a046f11b943da4d383b941db5f0",
      "serde-core@0.2.1/src/Candid/Text/Parser/IntX.mo": "dcd76741f31c90b92cff6a6eea22b18183332a36e9588a9c6e9618e2253182bc",
      "serde-core@0.2.1/src/Candid/Text/Parser/Nat.mo": "55d58c4c755c3b89d6775544f56ce0e25725ce5a06667374c3b897aa4bde1e27",
      "serde-core@0.2.1/src/Candid/Text/Parser/NatX.mo": "41069840410d0f6af57029410d616f5ea6e241ca86c710d1e068c5d27b0b034d",
      "serde-core@0.2.1/src/Candid/Text/Parser/Option.mo": "12ada054822dd674e0899e1f7c1a84481adcece83b1130c0f59361704dcbc9e7",
      "serde-core@0.2.1/src/Candid/Text/Parser/Principal.mo": "0486c097952735e97e416181e8f8058ddc5529c727efe6b2b7856bdcb78e4ec6",
      "serde-core@0.2.1/src/Candid/Text/Parser/Record.mo": "f2fbbeba697fcccf806d8d87a3a2de3a7f5cc9f80a21121191669231b83828a1",
      "serde-core@0.2.1/src/Candid/Text/Parser/Text.mo": "97d33b836cd4d388cbe913c93c090d5605b542ea55fd042a3b355ee9aca330f3",
      "serde-core@0.2.1/src/Candid/Text/Parser/Variant.mo": "33f318b4f2ebafb5793212d89ec9b576885ee92bf71840c90934daf1e3468d04",
      "serde-core@0.2.1/src/Candid/Text/Parser/lib.mo": "f20be624fc0aab43a3fb0b044db816aa52503a5c93efdf7c010f6f1e6e9a4d6d",
      "serde-core@0.2.1/src/Candid/Text/ToText.mo": "f4a1af730e91ce06ca0b8a74b79c8964fe4229f1b7d62be7b71545379e6a3f3e",
      "serde-core@0.2.1/src/Candid/Types.mo": "b6ac4ca21b8d02dddd30c4387f69b356b3f4bac1bafd99a0bb84116f1629767f",
      "serde-core@0.2.1/src/Candid/lib.mo": "2f4380985f32cf74bc789d90af1e290af8e41c9f1d8266edb2bacf09f81f4a0d",
      "serde-core@0.2.1/src/JSON/FromText.mo": "f207f1295320ca848365b23b4e298233d23c3442627b93991c5bffff10c3276b",
      "serde-core@0.2.1/src/JSON/ToText.mo": "60032764a1eac1c66cec3ad3996828f574f8eb54dd009493ace9b4c7d5cd3cec",
      "serde-core@0.2.1/src/JSON/lib.mo": "fb51f084cad9f209cd0a2505c7ff6baaf57c7e221ee57dd056fe6db5ec9501ba",
      "serde-core@0.2.1/src/PeekableIter.mo": "092201c330b2ef1c74e1aa72644733a038aec38a14c6d93f3ad777c0cef7a567",
      "serde-core@0.2.1/src/UrlEncoded/FromText.mo": "bb38e718edd3f984568aaf0cc47eb72cdc62f3e6b4771ab2ca592b910986a0c2",
      "serde-core@0.2.1/src/UrlEncoded/Parser.mo": "3ace1ffd1203d7c1dbd4d0f212ce652b67da8ab9250756dd678f29a60d93f7f9",
      "serde-core@0.2.1/src/UrlEncoded/ToText.mo": "34da226d168ff1ac5c76dbb8bfc4ecb7b9b8024432a0991f89a986d39fe7dd95",
      "serde-core@0.2.1/src/UrlEncoded/lib.mo": "6462bf694e0f2f320958853405d1dfd183609956b3b901c42a98c87cc8e466bd",
      "serde-core@0.2.1/src/Utils.mo": "52f0351d07d8813abf5bea9243d768f468dc1b7be0698b1333782ca3ebe040e2",
      "serde-core@0.2.1/src/lib.mo": "01251998c7788c26b513a2eb8a0471847d457b99d6a18332e3e12f548fb39f1e",
      "serde-core@0.2.1/submodules/ByteUtils/src/lib.mo": "fec2fb2eccd5957983aefd58fb11c0bff2441072499c56f1a11cf27bfcf8cee4",
      "serde-core@0.2.1/submodules/buffer/src/lib.mo": "885d17e9479dcd1d36b3aac7c52206edc11855f80dbcc59fe8da1ff7edb3370d",
      "serde-core@0.2.1/submodules/cbor/src/Decoder.mo": "f498beecd7e69d35395f307a6bfbbefdad579f1ecaadf778313229fd672fbe45",
      "serde-core@0.2.1/submodules/cbor/src/Encoder.mo": "40b3756eba03ab9c66b2e16065ffe0aed2cbf5fbc23a60cb2fa5bf7de6b53c9f",
      "serde-core@0.2.1/submodules/cbor/src/Types.mo": "0ef3c4917e5b3219b0a9c3cd2cdfed2b83f2f6b861ad365bf1b87696a8b84bd0",
      "serde-core@0.2.1/submodules/cbor/src/lib.mo": "ae2609dd8f72104a1d356caa877a8790f42dbd9936805a504aa3300f78676734",
      "serde-core@0.2.1/submodules/json.mo/src/JSON.mo": "ecb7af30f9221221485771b2918887022d91883f9bdec068398c2fd21de06e15",
      "serde-core@0.2.1/submodules/json.mo/test/Array.mo": "67ecb6bd6531243788020f0e7faa9a1fa3812a01341a3fedcb81be178390f43b",
      "serde-core@0.2.1/submodules/json.mo/test/Show.mo": "878f3ad98f1028dd745538a08c3545fd406df728868e7754b974a98ed52008ce",
      "serde-core@0.2.1/submodules/json.mo/test/Value.mo": "3e1c388d42b5b992bec94e9f6d7439651a406311543427afa9e7afcb8ed39711",
      "serde-core@0.2.1/submodules/parser-combinators.mo/src/Combinators.mo": "3b70fc0dd65e1b07ff4a01b5921b9923a2e9955920d8f65a338d2ee734429f47",
      "serde-core@0.2.1/submodules/parser-combinators.mo/src/List.mo": "f9993ea02d787ce5268189862c6fa7160509eca1c292deee23c6d0ffea08375d",
      "serde-core@0.2.1/submodules/parser-combinators.mo/src/Parser.mo": "ac116eaeb1fb3757e1f8c698789d5e06fc57313495098e21178c42977f64efdc",
      "serde-core@0.2.1/submodules/parser-combinators.mo/test/Int.mo": "8ebfa859e1b5909bbae349d21f061ed8eedd7c3a698727c105fb6cf09a467131",
      "serde-core@0.2.1/submodules/parser-combinators.mo/test/Nat.mo": "dfd583c7e50cfddc761274c00e39c7639f8fcd11bd79e4549c62375f31193a84",
      "serde-core@0.2.1/submodules/xtended-numbers/src/FloatX.mo": "401999bcef626d96848faa56e94251ae342542143e21ea64b3509595b1e97030",
      "serde-core@0.2.1/submodules/xtended-numbers/src/IntX.mo": "3a7f3258064ca7b3135201354081fb28331392d743a93d20e08afd73c54a540f",
      "serde-core@0.2.1/submodules/xtended-numbers/src/NatX.mo": "849c3c64deb728d1b75a4efbf59d2fb6bc631df19610b0c529ad35e1420b66f1",
      "serde-core@0.2.1/submodules/xtended-numbers/src/Util.mo": "d92098201df2692c68c05a3c61df7f46c66c29baf314443a7dea45aa8be28bb2"
    },
    "sha2@0.2.5": {
      "sha2@0.2.5/LICENSE": "ab81130a0a5f64eb71f0c0f84ff643fdd13b0d3d24c5e741b73768760d9f62dc",
      "sha2@0.2.5/NOTICE": "263c783b30440460b9a046b117b686dcc24e6fe912d8f78013ab00836de79b69",
      "sha2@0.2.5/README.md": "e90038080d0aa7450a6c3d7507e6943be6d1bd02cfbbbd3dfda50797d1e2104c",
      "sha2@0.2.5/examples/Merkle.mo": "8b22324c056e564b75711e046203873608203ade7f754d1181605d3e2c4d4a13",
      "sha2@0.2.5/examples/NFold.mo": "6865e355a7e08d0fbc70501251fcb5a0c7a509d79eb7eccbd72de61e28ec4945",
      "sha2@0.2.5/mops.toml": "71c8abf548ff55ae220c0c333515be1a3003bc167a0762829797beeec73ef78b",
      "sha2@0.2.5/src/Sha256.mo": "76ec5683c22c86245d5156400617cb9a5e9f289f680bf27989a665d4794bf548",
      "sha2@0.2.5/src/Sha512.mo": "805ccfbc23f2dd13b1ee2dff586b2572d6b9a6b26f4e866c1fb6bac0c26420a8",
      "sha2@0.2.5/src/sha256/buffer/lib.mo": "d87dccc5c4802c1d402a69e5448fb22d7bc173a916cc49362bb1123510fff928",
      "sha2@0.2.5/src/sha256/digest/lib.mo": "a4270166623d43b222b552eabf0366258aca8410a64922d7b3fb8889dd7d1312",
      "sha2@0.2.5/src/sha256/state/lib.mo": "35be2bba9635a6e3641b8715ea08d2c3175b571732fbaf5e85e51a1ae4a4ea6f",
      "sha2@0.2.5/src/sha256/state/process/blocks/accessor.mo": "0e4aa600469b13cda78d9814a1c71da30234631906f74805527b833334dbd147",
      "sha2@0.2.5/src/sha256/state/process/blocks/array.mo": "af83641e36a46959895844b84872536429ab70a915bf9b8a9e3a4a6ddfeb5f89",
      "sha2@0.2.5/src/sha256/state/process/blocks/blob.mo": "d834ead0f15ee63feacf90bcc600984dd838b52ff8aa91d522472485d916977c",
      "sha2@0.2.5/src/sha256/state/process/blocks/iter.mo": "4001f759362c8096d0b5e56fed6594c9f6736c2e2790f6c3f047c873660ebe5f",
      "sha2@0.2.5/src/sha256/state/process/blocks/leaf.mo": "3625e9ab03e474d711c429493c7808c0627570cf01b9344eae1158e0e3d1f127",
      "sha2@0.2.5/src/sha256/state/process/blocks/merge.mo": "3a665665a830e36ad2a894b847e70d0a24ef9d69dbd4beb776e35b7676618198",
      "sha2@0.2.5/src/sha256/state/process/blocks/reader.mo": "e00d7b5f8df00307296b038d715792dea6d4cd874c91a1f38a2c07109cc7f507",
      "sha2@0.2.5/src/sha256/state/process/blocks/varArray.mo": "c2671d9f101f2bfea564703f89cc6f0f2e74b897805f53952aa850d271d7fc83",
      "sha2@0.2.5/src/sha256/state/process/constants.mo": "326a2be008dfe08c8719b681d46ecd06091511961873444b19d3332e6b77f7ab",
      "sha2@0.2.5/src/sha256/state/process/fold.mo": "9d060771d02a36f33d500667a816d4dfbbbd0699a610163242a90a16613b89a1",
      "sha2@0.2.5/src/sha256/state/process/msg_buffer.mo": "0dd2efe4686f6f99fd4d4e9403bfa662ce0e4558b3bb75ab982f24729e436502",
      "sha2@0.2.5/src/sha256/state/process/padding.mo": "ac48f6c1dafe55a4516daf8e6c5b76e3347942beb0896cd9a50bc63d9f34ba23",
      "sha2@0.2.5/src/sha256/types.mo": "ef2fc9f7179e7895b7398fbae20bd374e14bd68325e56c297a348d3b6f9030cf",
      "sha2@0.2.5/src/sha512/constants.mo": "4e18cf2b0b74cfe961dedc756f6e2461e05c5b6eb69ac9aec92cea00cad73b97",
      "sha2@0.2.5/src/sha512/digest/lib.mo": "a0dc389cfa080e3b8c4d4aa3022866562434223a954d7c08ccc826d66080588b",
      "sha2@0.2.5/src/sha512/padding.mo": "ddcd9fe1b212de8120fd66fc9b6db1699626b1244d05dcb2c9bffff44fc25930",
      "sha2@0.2.5/src/sha512/process_block.mo": "4cbba34d75a7b868e582fa17c212455ab73192ec62411b5819e67ea8a1fbfe91",
      "sha2@0.2.5/src/sha512/types.mo": "885efe7fcd464446a689184d5723d4fafbebee08fee449096f5fbc847f7498e9",
      "sha2@0.2.5/src/sha512/whole_blocks/accessor.mo": "43d22931e4a7ea2ea06c43cf9558e3fcd1a37f405f4d6585d8cd1dec4956a86a",
      "sha2@0.2.5/src/sha512/whole_blocks/array.mo": "41e476db604b0d81876316ea844a4ebf420aa032b8fcc1412de92af337083631",
      "sha2@0.2.5/src/sha512/whole_blocks/blob.mo": "944ad1b09e3e1e19f478f6b1d7e339897c870ce0ae574c43c970d6df3b3667ba",
      "sha2@0.2.5/src/sha512/whole_blocks/iter.mo": "b10ab448ead77fd3858924c963d65bda1a17bc42b9fccbf183746611a6aa3d3e",
      "sha2@0.2.5/src/sha512/whole_blocks/reader.mo": "ea5621981c5404abe9b9506230d5985c1e4bf047a09bdd0fa76ab7f753b0be01",
      "sha2@0.2.5/src/sha512/whole_blocks/varArray.mo": "22bf05c4bfc24f79c3d48c99258148ceb6ca09e9e000dcb6b86b5e075e4a7766",
      "sha2@0.2.5/src/sha512/write/accessor.mo": "e87edabac0da4781ca0c73cd0bd6ef6b0798b5449c4fb19f170d4fab748ee85c",
      "sha2@0.2.5/src/sha512/write/array.mo": "0ff7bf6469e4f93053a28ea3e4a43833eb43e5f1390ccf5aaff6034d2ce2bba3",
      "sha2@0.2.5/src/sha512/write/blob.mo": "2d031c57963f265a54307956d0c8cf05555cfc391f3536d7c39f1f48dfcfd2f6",
      "sha2@0.2.5/src/sha512/write/byte.mo": "37e9e349a9c666cb6e9f273fafa2a91a92a05b962094c1d7aab1d6a1ad9affdb",
      "sha2@0.2.5/src/sha512/write/iter.mo": "e06f0562813537871da60d3a965599e6ad3dc915ff8905ca05a5768313856063",
      "sha2@0.2.5/src/sha512/write/lib.mo": "9aa271369a4a5bbb560e9c6fdc5d3ba4e16bfcf2d342f04ff155915e89cb66ba",
      "sha2@0.2.5/src/sha512/write/reader.mo": "cc3a5027d00aca8c7f761cb939cec91e496369006c52f36d67855d71717a7b2c",
      "sha2@0.2.5/src/sha512/write/varArray.mo": "8aa1ddc8ee1b6669f86a0fac9a0fa545b1402cb7cc9bf162e51f27b4f03d3905"
    },
    "test@2.1.2": {
      "test@2.1.2/LICENSE": "ec415b57f8143746b567c94bfad243f5342f3edf110c94641a1a60e02722db55",
      "test@2.1.2/README.md": "991a9ea896698d7ef1e7e55d038c7580d68182b3d30f78886304e374c64fbc01",
      "test@2.1.2/mops.toml": "83e5024af6a5558f18a41b3ab8b60291f65e8470c0375c7e880896ccb02edf14",
      "test@2.1.2/src/async.mo": "79b433a5d32184d0cad289f0b7ee6cd2256534689a015430efc43e3510c2217a",
      "test@2.1.2/src/expect/async.mo": "c1518bd82ef8c2def86bc6b5fc1df1691eab9935adacc413cab4fe9f1eda6f4a",
      "test@2.1.2/src/expect/expect-array.mo": "f5e6808b28c5948a40e11def8f5534bcacef1211a0b6f02e63e8653e5ee5e6aa",
      "test@2.1.2/src/expect/expect-blob.mo": "944d92855573f5056d10cab2ee67f5ca153a792de9aa5074ccb0da7417a77ceb",
      "test@2.1.2/src/expect/expect-bool.mo": "dd663249dd67d5ff5241a8ecb9b16e016abe24f0570e5aac8b912fc312e4a5d4",
      "test@2.1.2/src/expect/expect-call.mo": "9aeeb5d56f753586e685fd3a7544b4a895e9e2a1f01f2c3423c66f87059512eb",
      "test@2.1.2/src/expect/expect-char.mo": "7464e454a815e76e9d56989d59b8eda8781dd7dd28019ada3c513b764a5ff863",
      "test@2.1.2/src/expect/expect-int.mo": "67837bcbd681bc180a8c528defab5153d9f8aaf4998b91ca3f787e714011cdf6",
      "test@2.1.2/src/expect/expect-int16.mo": "15dfb2b13e74819d9f02927708c8f7cbbb8e0b13c0a9b249d843b16c3bcf4659",
      "test@2.1.2/src/expect/expect-int32.mo": "577cc992737c99f07df7eb71462bb99f0b9b34727a4edf31dea88a7aff2bd48a",
      "test@2.1.2/src/expect/expect-int64.mo": "c3d0025bca7dcda18872b5ea59baad9f485b33647a7118af45a12700793f3c19",
      "test@2.1.2/src/expect/expect-int8.mo": "a88f864f471413fd4fe8300b828805a9e95c42278d55aa4351526d3c4f3c1e2c",
      "test@2.1.2/src/expect/expect-nat.mo": "0f9cefc54f429a48a5ec1eb2f26bb73f771b6ca165fac300bf7228633429b049",
      "test@2.1.2/src/expect/expect-nat16.mo": "eff67a91dc8eed0478d3558c1900257802c5c6c527d13f4ef6726ebd53492d6a",
      "test@2.1.2/src/expect/expect-nat32.mo": "3ea76a0c53c806fad57d768ca79702c65faaf85b69ad61e49688b90d9a32094b",
      "test@2.1.2/src/expect/expect-nat64.mo": "13536637dbb595bceec51db56c7cfc39221a9d5b5ea23baee66d19d6103f600f",
      "test@2.1.2/src/expect/expect-nat8.mo": "2b5145da40599eb01ef5fe6807162cc9b2a5fbe5044fd4003ebdf6bf26cbf4b6",
      "test@2.1.2/src/expect/expect-option.mo": "d5f2bce86a6f5c8e0bdbe1a72f1cbb80b01d3822b73da90239b84d91cb0af5d6",
      "test@2.1.2/src/expect/expect-principal.mo": "93842843aa02bde6cdb94ee4daa35ed95d4b2da87bc228689b9cc8c5d9bdc178",
      "test@2.1.2/src/expect/expect-result.mo": "3c03969dc0f08c80fa003ab23760a933f47ac928834734faca0f62fe940d3ab9",
      "test@2.1.2/src/expect/expect-text.mo": "ffb21d802a48411ed45555e82edd5b5a82c91eb37b88c5d8d061880bab897735",
      "test@2.1.2/src/expect/lib.mo": "b74da3928ed8c23c31b5979059f0ac549cd7f09e7a29af9b105d8f9e32e192ed",
      "test@2.1.2/src/expect/utils.mo": "22e364d2ec8285c09ace83cb99b3257ba66a87cfe0312f6623ab0ab35ce47009",
      "test@2.1.2/src/lib.mo": "e4559fbc3bcd229fb99de7dcdd68d56319ae8bc27509d6f3ad6d13c514915a39",
      "test@2.1.2/src/utils.mo": "6b81172d908c2fb759597373b811e22a987d4cd69f1aa69615da252bed6e7466"
    }
  }
}